# This file is automatically @generated by Poetry 2.0.1 and should not be changed by hand.

[[package]]
name = "boto3"
version = "1.36.9"
description = "The AWS SDK for Python"
optional = false
python-versions = ">=3.8"
groups = ["main"]
files = [
    {file = "boto3-1.36.9-py3-none-any.whl", hash = "sha256:440d0b70990efb732f63b40fa16c663c86fee80347eb4bf3bcc08b593e8ac77f"},
    {file = "boto3-1.36.9.tar.gz", hash = "sha256:035ed3868ff3b9afe05a49d0bde35582315bc438e60b5e76727a00b107567bfb"},
]

[package.dependencies]
botocore = ">=1.36.9,<1.37.0"
jmespath = ">=0.7.1,<2.0.0"
s3transfer = ">=0.11.0,<0.12.0"

[package.extras]
crt = ["botocore[crt] (>=1.21.0,<2.0a0)"]

[[package]]
name = "botocore"
version = "1.36.9"
description = "Low-level, data-driven core of boto 3."
optional = false
python-versions = ">=3.8"
groups = ["main"]
files = [
    {file = "botocore-1.36.9-py3-none-any.whl", hash = "sha256:e31d206c7708300c541d0799df73b576bbe7d8bed011687d96323ed48763ffd2"},
    {file = "botocore-1.36.9.tar.gz", hash = "sha256:cb3baefdb8326fdfae0750015e5868330e18d3a088a31da658df2cc8cba7ac73"},
]

[package.dependencies]
jmespath = ">=0.7.1,<2.0.0"
python-dateutil = ">=2.1,<3.0.0"
urllib3 = {version = ">=1.25.4,<2.2.0 || >2.2.0,<3", markers = "python_version >= \"3.10\""}

[package.extras]
crt = ["awscrt (==0.23.4)"]

[[package]]
name = "click"
version = "8.1.8"
description = "Composable command line interface toolkit"
optional = false
python-versions = ">=3.7"
groups = ["main"]
files = [
    {file = "click-8.1.8-py3-none-any.whl", hash = "sha256:63c132bbbed01578a06712a2d1f497bb62d9c1c0d329b7903a866228027263b2"},
    {file = "click-8.1.8.tar.gz", hash = "sha256:ed53c9d8990d83c2a27deae68e4ee337473f6330c040a31d4225c9574d16096a"},
]

[package.dependencies]
colorama = {version = "*", markers = "platform_system == \"Windows\""}

[[package]]
name = "colorama"
version = "0.4.6"
description = "Cross-platform colored terminal text."
optional = false
python-versions = "!=3.0.*,!=3.1.*,!=3.2.*,!=3.3.*,!=3.4.*,!=3.5.*,!=3.6.*,>=2.7"
groups = ["main"]
markers = "platform_system == \"Windows\""
files = [
    {file = "colorama-0.4.6-py2.py3-none-any.whl", hash = "sha256:4f1d9991f5acc0ca119f9d443620b77f9d6b33703e51011c16baf57afb285fc6"},
    {file = "colorama-0.4.6.tar.gz", hash = "sha256:08695f5cb7ed6e0531a20572697297273c47b8cae5a63ffc6d6ed5c201be6e44"},
]

[[package]]
name = "jmespath"
version = "1.0.1"
description = "JSON Matching Expressions"
optional = false
python-versions = ">=3.7"
groups = ["main"]
files = [
    {file = "jmespath-1.0.1-py3-none-any.whl", hash = "sha256:02e2e4cc71b5bcab88332eebf907519190dd9e6e82107fa7f83b1003a6252980"},
    {file = "jmespath-1.0.1.tar.gz", hash = "sha256:90261b206d6defd58fdd5e85f478bf633a2901798906be2ad389150c5c60edbe"},
]

[[package]]
name = "libumccr"
version = "0.4.1"
description = "UMCCR Reusable Python modules"
optional = false
python-versions = ">=3.9"
groups = ["main"]
files = [
    {file = "libumccr-0.4.1-py3-none-any.whl", hash = "sha256:20e06ec4b99ff6d68f9e21b72da10c16e33933314e20f53abe2983d03f3a080e"},
    {file = "libumccr-0.4.1.tar.gz", hash = "sha256:0c6963bbd164eaf799acdb8cda28ba5b5a49bf06a552978901b49802da4fc5ec"},
]

[package.extras]
all = ["Django", "boto3", "botocore", "cachetools", "google-auth", "gspread", "gspread-pandas", "pandas", "requests"]
aws = ["boto3", "botocore", "cachetools"]
dev = ["build", "detect-secrets", "pdoc3", "pipdeptree", "pre-commit", "setuptools", "twine", "wheel"]
libgdrive = ["cachetools", "google-auth", "gspread", "gspread-pandas", "pandas", "requests"]
test = ["awscli-local", "cachetools", "flake8", "mockito", "nose2", "pytest", "pytest-cov", "tox"]

[[package]]
name = "mypy"
version = "1.14.1"
description = "Optional static typing for Python"
optional = false
python-versions = ">=3.8"
groups = ["dev"]
files = [
    {file = "mypy-1.14.1-cp310-cp310-macosx_10_9_x86_64.whl", hash = "sha256:52686e37cf13d559f668aa398dd7ddf1f92c5d613e4f8cb262be2fb4fedb0fcb"},
    {file = "mypy-1.14.1-cp310-cp310-macosx_11_0_arm64.whl", hash = "sha256:1fb545ca340537d4b45d3eecdb3def05e913299ca72c290326be19b3804b39c0"},
    {file = "mypy-1.14.1-cp310-cp310-manylinux_2_17_aarch64.manylinux2014_aarch64.manylinux_2_28_aarch64.whl", hash = "sha256:90716d8b2d1f4cd503309788e51366f07c56635a3309b0f6a32547eaaa36a64d"},
    {file = "mypy-1.14.1-cp310-cp310-manylinux_2_17_x86_64.manylinux2014_x86_64.manylinux_2_28_x86_64.whl", hash = "sha256:2ae753f5c9fef278bcf12e1a564351764f2a6da579d4a81347e1d5a15819997b"},
    {file = "mypy-1.14.1-cp310-cp310-musllinux_1_2_x86_64.whl", hash = "sha256:e0fe0f5feaafcb04505bcf439e991c6d8f1bf8b15f12b05feeed96e9e7bf1427"},
    {file = "mypy-1.14.1-cp310-cp310-win_amd64.whl", hash = "sha256:7d54bd85b925e501c555a3227f3ec0cfc54ee8b6930bd6141ec872d1c572f81f"},
    {file = "mypy-1.14.1-cp311-cp311-macosx_10_9_x86_64.whl", hash = "sha256:f995e511de847791c3b11ed90084a7a0aafdc074ab88c5a9711622fe4751138c"},
    {file = "mypy-1.14.1-cp311-cp311-macosx_11_0_arm64.whl", hash = "sha256:d64169ec3b8461311f8ce2fd2eb5d33e2d0f2c7b49116259c51d0d96edee48d1"},
    {file = "mypy-1.14.1-cp311-cp311-manylinux_2_17_aarch64.manylinux2014_aarch64.manylinux_2_28_aarch64.whl", hash = "sha256:ba24549de7b89b6381b91fbc068d798192b1b5201987070319889e93038967a8"},
    {file = "mypy-1.14.1-cp311-cp311-manylinux_2_17_x86_64.manylinux2014_x86_64.manylinux_2_28_x86_64.whl", hash = "sha256:183cf0a45457d28ff9d758730cd0210419ac27d4d3f285beda038c9083363b1f"},
    {file = "mypy-1.14.1-cp311-cp311-musllinux_1_2_x86_64.whl", hash = "sha256:f2a0ecc86378f45347f586e4163d1769dd81c5a223d577fe351f26b179e148b1"},
    {file = "mypy-1.14.1-cp311-cp311-win_amd64.whl", hash = "sha256:ad3301ebebec9e8ee7135d8e3109ca76c23752bac1e717bc84cd3836b4bf3eae"},
    {file = "mypy-1.14.1-cp312-cp312-macosx_10_13_x86_64.whl", hash = "sha256:30ff5ef8519bbc2e18b3b54521ec319513a26f1bba19a7582e7b1f58a6e69f14"},
    {file = "mypy-1.14.1-cp312-cp312-macosx_11_0_arm64.whl", hash = "sha256:cb9f255c18052343c70234907e2e532bc7e55a62565d64536dbc7706a20b78b9"},
    {file = "mypy-1.14.1-cp312-cp312-manylinux_2_17_aarch64.manylinux2014_aarch64.manylinux_2_28_aarch64.whl", hash = "sha256:8b4e3413e0bddea671012b063e27591b953d653209e7a4fa5e48759cda77ca11"},
    {file = "mypy-1.14.1-cp312-cp312-manylinux_2_17_x86_64.manylinux2014_x86_64.manylinux_2_28_x86_64.whl", hash = "sha256:553c293b1fbdebb6c3c4030589dab9fafb6dfa768995a453d8a5d3b23784af2e"},
    {file = "mypy-1.14.1-cp312-cp312-musllinux_1_2_x86_64.whl", hash = "sha256:fad79bfe3b65fe6a1efaed97b445c3d37f7be9fdc348bdb2d7cac75579607c89"},
    {file = "mypy-1.14.1-cp312-cp312-win_amd64.whl", hash = "sha256:8fa2220e54d2946e94ab6dbb3ba0a992795bd68b16dc852db33028df2b00191b"},
    {file = "mypy-1.14.1-cp313-cp313-macosx_10_13_x86_64.whl", hash = "sha256:92c3ed5afb06c3a8e188cb5da4984cab9ec9a77ba956ee419c68a388b4595255"},
    {file = "mypy-1.14.1-cp313-cp313-macosx_11_0_arm64.whl", hash = "sha256:dbec574648b3e25f43d23577309b16534431db4ddc09fda50841f1e34e64ed34"},
    {file = "mypy-1.14.1-cp313-cp313-manylinux_2_17_aarch64.manylinux2014_aarch64.manylinux_2_28_aarch64.whl", hash = "sha256:8c6d94b16d62eb3e947281aa7347d78236688e21081f11de976376cf010eb31a"},
    {file = "mypy-1.14.1-cp313-cp313-manylinux_2_17_x86_64.manylinux2014_x86_64.manylinux_2_28_x86_64.whl", hash = "sha256:d4b19b03fdf54f3c5b2fa474c56b4c13c9dbfb9a2db4370ede7ec11a2c5927d9"},
    {file = "mypy-1.14.1-cp313-cp313-musllinux_1_2_x86_64.whl", hash = "sha256:0c911fde686394753fff899c409fd4e16e9b294c24bfd5e1ea4675deae1ac6fd"},
    {file = "mypy-1.14.1-cp313-cp313-win_amd64.whl", hash = "sha256:8b21525cb51671219f5307be85f7e646a153e5acc656e5cebf64bfa076c50107"},
    {file = "mypy-1.14.1-cp38-cp38-macosx_10_9_x86_64.whl", hash = "sha256:7084fb8f1128c76cd9cf68fe5971b37072598e7c31b2f9f95586b65c741a9d31"},
    {file = "mypy-1.14.1-cp38-cp38-macosx_11_0_arm64.whl", hash = "sha256:8f845a00b4f420f693f870eaee5f3e2692fa84cc8514496114649cfa8fd5e2c6"},
    {file = "mypy-1.14.1-cp38-cp38-manylinux_2_17_aarch64.manylinux2014_aarch64.manylinux_2_28_aarch64.whl", hash = "sha256:44bf464499f0e3a2d14d58b54674dee25c031703b2ffc35064bd0df2e0fac319"},
    {file = "mypy-1.14.1-cp38-cp38-manylinux_2_17_x86_64.manylinux2014_x86_64.manylinux_2_28_x86_64.whl", hash = "sha256:c99f27732c0b7dc847adb21c9d47ce57eb48fa33a17bc6d7d5c5e9f9e7ae5bac"},
    {file = "mypy-1.14.1-cp38-cp38-musllinux_1_2_x86_64.whl", hash = "sha256:bce23c7377b43602baa0bd22ea3265c49b9ff0b76eb315d6c34721af4cdf1d9b"},
    {file = "mypy-1.14.1-cp38-cp38-win_amd64.whl", hash = "sha256:8edc07eeade7ebc771ff9cf6b211b9a7d93687ff892150cb5692e4f4272b0837"},
    {file = "mypy-1.14.1-cp39-cp39-macosx_10_9_x86_64.whl", hash = "sha256:3888a1816d69f7ab92092f785a462944b3ca16d7c470d564165fe703b0970c35"},
    {file = "mypy-1.14.1-cp39-cp39-macosx_11_0_arm64.whl", hash = "sha256:46c756a444117c43ee984bd055db99e498bc613a70bbbc120272bd13ca579fbc"},
    {file = "mypy-1.14.1-cp39-cp39-manylinux_2_17_aarch64.manylinux2014_aarch64.manylinux_2_28_aarch64.whl", hash = "sha256:27fc248022907e72abfd8e22ab1f10e903915ff69961174784a3900a8cba9ad9"},
    {file = "mypy-1.14.1-cp39-cp39-manylinux_2_17_x86_64.manylinux2014_x86_64.manylinux_2_28_x86_64.whl", hash = "sha256:499d6a72fb7e5de92218db961f1a66d5f11783f9ae549d214617edab5d4dbdbb"},
    {file = "mypy-1.14.1-cp39-cp39-musllinux_1_2_x86_64.whl", hash = "sha256:57961db9795eb566dc1d1b4e9139ebc4c6b0cb6e7254ecde69d1552bf7613f60"},
    {file = "mypy-1.14.1-cp39-cp39-win_amd64.whl", hash = "sha256:07ba89fdcc9451f2ebb02853deb6aaaa3d2239a236669a63ab3801bbf923ef5c"},
    {file = "mypy-1.14.1-py3-none-any.whl", hash = "sha256:b66a60cc4073aeb8ae00057f9c1f64d49e90f918fbcef9a977eb121da8b8f1d1"},
    {file = "mypy-1.14.1.tar.gz", hash = "sha256:7ec88144fe9b510e8475ec2f5f251992690fcf89ccb4500b214b4226abcd32d6"},
]

[package.dependencies]
mypy_extensions = ">=1.0.0"
typing_extensions = ">=4.6.0"

[package.extras]
dmypy = ["psutil (>=4.0)"]
faster-cache = ["orjson"]
install-types = ["pip"]
mypyc = ["setuptools (>=50)"]
reports = ["lxml"]

[[package]]
name = "mypy-boto3-s3"
version = "1.36.9"
description = "Type annotations for boto3 S3 1.36.9 service generated with mypy-boto3-builder 8.8.0"
optional = false
python-versions = ">=3.8"
groups = ["main"]
files = [
    {file = "mypy_boto3_s3-1.36.9-py3-none-any.whl", hash = "sha256:506edd56892452dff5b673e3c79a11b6f8935076ce4a9daaac4cda708a176201"},
    {file = "mypy_boto3_s3-1.36.9.tar.gz", hash = "sha256:368c963969eda65bb3a9df61e87510dd8b3247cce59f559c2ec6c43d5796bef5"},
]

[[package]]
name = "mypy-extensions"
version = "1.0.0"
description = "Type system extensions for programs checked with the mypy type checker."
optional = false
python-versions = ">=3.5"
groups = ["dev"]
files = [
    {file = "mypy_extensions-1.0.0-py3-none-any.whl", hash = "sha256:4392f6c0eb8a5668a69e23d168ffa70f0be9ccfd32b5cc2d26a34ae5b844552d"},
    {file = "mypy_extensions-1.0.0.tar.gz", hash = "sha256:75dbf8955dc00442a438fc4d0666508a9a97b6bd41aa2f0ffe9d2f2725af0782"},
]

[[package]]
name = "psycopg"
version = "3.2.4"
description = "PostgreSQL database adapter for Python"
optional = false
python-versions = ">=3.8"
groups = ["main"]
files = [
    {file = "psycopg-3.2.4-py3-none-any.whl", hash = "sha256:43665368ccd48180744cab26b74332f46b63b7e06e8ce0775547a3533883d381"},
    {file = "psycopg-3.2.4.tar.gz", hash = "sha256:f26f1346d6bf1ef5f5ef1714dd405c67fb365cfd1c6cea07de1792747b167b92"},
]

[package.dependencies]
psycopg-binary = {version = "3.2.4", optional = true, markers = "implementation_name != \"pypy\" and extra == \"binary\""}
typing-extensions = {version = ">=4.6", markers = "python_version < \"3.13\""}
tzdata = {version = "*", markers = "sys_platform == \"win32\""}

[package.extras]
binary = ["psycopg-binary (==3.2.4)"]
c = ["psycopg-c (==3.2.4)"]
dev = ["ast-comments (>=1.1.2)", "black (>=24.1.0)", "codespell (>=2.2)", "dnspython (>=2.1)", "flake8 (>=4.0)", "mypy (>=1.14)", "pre-commit (>=4.0.1)", "types-setuptools (>=57.4)", "wheel (>=0.37)"]
docs = ["Sphinx (>=5.0)", "furo (==2022.6.21)", "sphinx-autobuild (>=2021.3.14)", "sphinx-autodoc-typehints (>=1.12)"]
pool = ["psycopg-pool"]
test = ["anyio (>=4.0)", "mypy (>=1.14)", "pproxy (>=2.7)", "pytest (>=6.2.5)", "pytest-cov (>=3.0)", "pytest-randomly (>=3.5)"]

[[package]]
name = "psycopg-binary"
version = "3.2.4"
description = "PostgreSQL database adapter for Python -- C optimisation distribution"
optional = false
python-versions = ">=3.8"
groups = ["main"]
markers = "implementation_name != \"pypy\""
files = [
    {file = "psycopg_binary-3.2.4-cp310-cp310-macosx_10_9_x86_64.whl", hash = "sha256:c716f75b5c0388fc5283b5124046292c727511dd8c6aa59ca2dc644b9a2ed0cd"},
    {file = "psycopg_binary-3.2.4-cp310-cp310-macosx_11_0_arm64.whl", hash = "sha256:e2e8050347018f596a63f5dccbb92fb68bca52b13912cb8fc40184b24c0e534f"},
    {file = "psycopg_binary-3.2.4-cp310-cp310-manylinux_2_17_aarch64.manylinux2014_aarch64.whl", hash = "sha256:04171f9af9ab567c0fd339bac06f2c75836db839cebac5bd07824778dafa7f0e"},
    {file = "psycopg_binary-3.2.4-cp310-cp310-manylinux_2_17_i686.manylinux2014_i686.whl", hash = "sha256:e7ba7b2ff25a6405826f627fb7d0f1e06e5c08ae25ffabc74a5e9ec7b0a63b85"},
    {file = "psycopg_binary-3.2.4-cp310-cp310-manylinux_2_17_ppc64le.manylinux2014_ppc64le.whl", hash = "sha256:2e58eeba520d405b2ad72dffaafd04d0b592bef870e718bf37c261e89a75450a"},
    {file = "psycopg_binary-3.2.4-cp310-cp310-manylinux_2_17_x86_64.manylinux2014_x86_64.whl", hash = "sha256:cb18cfbb1cfc8172786ceefd314f0faa05c40ea93b3db7194d0f6bbbbfedb42a"},
    {file = "psycopg_binary-3.2.4-cp310-cp310-musllinux_1_2_aarch64.whl", hash = "sha256:769804b4f753ddec9403183a6d4577d5b696fc49c2451421013fb06d6fa2f288"},
    {file = "psycopg_binary-3.2.4-cp310-cp310-musllinux_1_2_i686.whl", hash = "sha256:7d4f0c9b01eb933ce35bb32a54205f48d7bc36bf455565afe269cabcb7973955"},
    {file = "psycopg_binary-3.2.4-cp310-cp310-musllinux_1_2_ppc64le.whl", hash = "sha256:26aed7ff8691ba810de95718d3bc81a43fd48a4036c3641ef711eb5f71fc7106"},
    {file = "psycopg_binary-3.2.4-cp310-cp310-musllinux_1_2_x86_64.whl", hash = "sha256:8a4b65eaf44dfed0b47e6ebd392e88cd3cff62ea11652d92db6fefeb2608ed25"},
    {file = "psycopg_binary-3.2.4-cp310-cp310-win_amd64.whl", hash = "sha256:a9fa48a2dc54c4e906d7dd781031d227d1b13966deff7e5ece5b037588643190"},
    {file = "psycopg_binary-3.2.4-cp311-cp311-macosx_10_9_x86_64.whl", hash = "sha256:d092b0aa80b8c3ee0701a7252cbfb0bdb742e1f74aaf0c1a13ef22c05c9266ab"},
    {file = "psycopg_binary-3.2.4-cp311-cp311-macosx_11_0_arm64.whl", hash = "sha256:3955381dacc6d15f3838d5f25445ee99f80882876a163f8de0c01ffc54aeef4a"},
    {file = "psycopg_binary-3.2.4-cp311-cp311-manylinux_2_17_aarch64.manylinux2014_aarch64.whl", hash = "sha256:04144d1963aa3309247980f1a742b98e15f60d68ea9745143c433f99aaeb70d7"},
    {file = "psycopg_binary-3.2.4-cp311-cp311-manylinux_2_17_i686.manylinux2014_i686.whl", hash = "sha256:eac61931bc90c1c6fdc648452894d3a434a005ffefaf12819b4709548c894bf2"},
    {file = "psycopg_binary-3.2.4-cp311-cp311-manylinux_2_17_ppc64le.manylinux2014_ppc64le.whl", hash = "sha256:c09b765960480c4586758a3c16f0ee0db6f7e2f31c88cccb5e7d7024215468cd"},
    {file = "psycopg_binary-3.2.4-cp311-cp311-manylinux_2_17_x86_64.manylinux2014_x86_64.whl", hash = "sha256:220de8efcc276e42ba7cc7ed613145b1274b6b5de321a1396fb6b6ce1758d34c"},
    {file = "psycopg_binary-3.2.4-cp311-cp311-musllinux_1_2_aarch64.whl", hash = "sha256:b558d3de315d18819ce477908e27518cbdd3275717c6193b58dde36f0443e167"},
    {file = "psycopg_binary-3.2.4-cp311-cp311-musllinux_1_2_i686.whl", hash = "sha256:e3b4c9b9a112d43533f7dbdedbb1188107d4ddcd262e2a2af41b4de0caf7d053"},
    {file = "psycopg_binary-3.2.4-cp311-cp311-musllinux_1_2_ppc64le.whl", hash = "sha256:870df866f789bb641a350897c1751c293b9420f46be4eb366d190ff5f2f2ffd8"},
    {file = "psycopg_binary-3.2.4-cp311-cp311-musllinux_1_2_x86_64.whl", hash = "sha256:89506e268fb95428fb0f8f7abe48032e66cf47390469e11a4fe989f7407a5d88"},
    {file = "psycopg_binary-3.2.4-cp311-cp311-win_amd64.whl", hash = "sha256:7ddf1494cc3bf60761c01265c44dfc7a7fd63f21308c403c14f5dd91702df84d"},
    {file = "psycopg_binary-3.2.4-cp312-cp312-macosx_10_13_x86_64.whl", hash = "sha256:3ac24b3d421127ebe8662eba2c1e149a12f0f5b6795e66c1811a3f59111456bb"},
    {file = "psycopg_binary-3.2.4-cp312-cp312-macosx_11_0_arm64.whl", hash = "sha256:f702f36204127984dd212eb57bb328676abdfe8a56f179e408a806d5e520aa11"},
    {file = "psycopg_binary-3.2.4-cp312-cp312-manylinux_2_17_aarch64.manylinux2014_aarch64.whl", hash = "sha256:610cd2013ee0849154fcff34b0cca17f720c91c7430ca094a61f1e5ff1d38e15"},
    {file = "psycopg_binary-3.2.4-cp312-cp312-manylinux_2_17_i686.manylinux2014_i686.whl", hash = "sha256:95da59edd95f6b6488799c9710fafc2d5750e3ec6328ec991f7a9be04efe6886"},
    {file = "psycopg_binary-3.2.4-cp312-cp312-manylinux_2_17_ppc64le.manylinux2014_ppc64le.whl", hash = "sha256:b71e98e3186f08473962e1ea4bfbc4387ecc398644b794cb112ad0a4276e3789"},
    {file = "psycopg_binary-3.2.4-cp312-cp312-manylinux_2_17_x86_64.manylinux2014_x86_64.whl", hash = "sha256:3ccf4f71c3a0d46bc74207bf7997f010a6586414161dd10f3dd026ec059942ef"},
    {file = "psycopg_binary-3.2.4-cp312-cp312-musllinux_1_2_aarch64.whl", hash = "sha256:244e1dd33b694792b7bc7a3d412a535ba39116218b07d8936b4591567f4121e9"},
    {file = "psycopg_binary-3.2.4-cp312-cp312-musllinux_1_2_i686.whl", hash = "sha256:f8dc8f4de5130c6278dd5e34b18ad8324a74658a7adb72d4e67ca97f9aeaaf3c"},
    {file = "psycopg_binary-3.2.4-cp312-cp312-musllinux_1_2_ppc64le.whl", hash = "sha256:c336e58a48061a9189d3ba8c19f00fe5d9570219e6f7f954b923ad5c33e5bc71"},
    {file = "psycopg_binary-3.2.4-cp312-cp312-musllinux_1_2_x86_64.whl", hash = "sha256:9633c5dc6796d11766d2475e62335b67e5f99f119f40ba1675c1d23208d7709d"},
    {file = "psycopg_binary-3.2.4-cp312-cp312-win_amd64.whl", hash = "sha256:295c25e56b430d786a475c5c2cef266b0b27c0a6fcaadf9d83a4cdcfb76f971f"},
    {file = "psycopg_binary-3.2.4-cp313-cp313-macosx_10_13_x86_64.whl", hash = "sha256:81ab801c0d35830c876bf0d1edc8e7dd2f73aa2b04fe24eb812159c0b054d149"},
    {file = "psycopg_binary-3.2.4-cp313-cp313-macosx_11_0_arm64.whl", hash = "sha256:c09e02ce1124eb6638b3381df050a8cf88aedfad4522f939945cda49050a990c"},
    {file = "psycopg_binary-3.2.4-cp313-cp313-manylinux_2_17_aarch64.manylinux2014_aarch64.whl", hash = "sha256:a249cdc6a5c2b5088a8677acba66b291e5237524739ab3d27498e1ef189312f5"},
    {file = "psycopg_binary-3.2.4-cp313-cp313-manylinux_2_17_i686.manylinux2014_i686.whl", hash = "sha256:d2960ba8a5c0ad75e184f6d8bf76bdf023708999efe75fe4e13445136c1cd206"},
    {file = "psycopg_binary-3.2.4-cp313-cp313-manylinux_2_17_ppc64le.manylinux2014_ppc64le.whl", hash = "sha256:3dae2e50b0d3425c167eebbedc3553f7c811dbc0dbfc737b6877f68a03be7daf"},
    {file = "psycopg_binary-3.2.4-cp313-cp313-manylinux_2_17_x86_64.manylinux2014_x86_64.whl", hash = "sha256:03bf7ee7e0002c2cce43ecb923ec510358056eb2e44a96afaeb0424518f35206"},
    {file = "psycopg_binary-3.2.4-cp313-cp313-musllinux_1_2_aarch64.whl", hash = "sha256:5f5c85eeb63b1a8a6b026eef57f5da36ff215ce9a6a3bb8e20a409670d6cfbda"},
    {file = "psycopg_binary-3.2.4-cp313-cp313-musllinux_1_2_i686.whl", hash = "sha256:8c7b95899d4d6d23c5cc46cb3419e8e6ca68d867509432ee1487042564a1ea55"},
    {file = "psycopg_binary-3.2.4-cp313-cp313-musllinux_1_2_ppc64le.whl", hash = "sha256:fa4acea9ca20a567c3872a5afab2084751530bb57b8fb6b52820d5c54e7c8c3b"},
    {file = "psycopg_binary-3.2.4-cp313-cp313-musllinux_1_2_x86_64.whl", hash = "sha256:5c487f35a1905bb15da927c1fc05f70f3d29f0e21fb4ba21d360a0da9c755f20"},
    {file = "psycopg_binary-3.2.4-cp313-cp313-win_amd64.whl", hash = "sha256:80297c3a9f7b5a6afdb0d8f220661ccd796e5c9128c44b32c41267f7daefd37f"},
    {file = "psycopg_binary-3.2.4-cp38-cp38-macosx_10_9_x86_64.whl", hash = "sha256:22cf23d037310ae08feceea5e24f727b1ef816867188dbec2edde2e7237b0004"},
    {file = "psycopg_binary-3.2.4-cp38-cp38-manylinux_2_17_aarch64.manylinux2014_aarch64.whl", hash = "sha256:a3409151b91df85ef99a72d137aba289e1d7b5d4ac7750b37183674421903e04"},
    {file = "psycopg_binary-3.2.4-cp38-cp38-manylinux_2_17_i686.manylinux2014_i686.whl", hash = "sha256:1145c3c038e6dbe7127309cc9bbe209bce5743f9f02a2a65c4f9478bd794598e"},
    {file = "psycopg_binary-3.2.4-cp38-cp38-manylinux_2_17_ppc64le.manylinux2014_ppc64le.whl", hash = "sha256:21d369bac7606157ef2699a0ff65c8d43d274f0178fd03241babb5f86b7586f7"},
    {file = "psycopg_binary-3.2.4-cp38-cp38-manylinux_2_17_x86_64.manylinux2014_x86_64.whl", hash = "sha256:158fa0dbda433e0069bd2b6ffdf357c9fcdb84ec5e3b353fb8206636873b54f9"},
    {file = "psycopg_binary-3.2.4-cp38-cp38-musllinux_1_2_aarch64.whl", hash = "sha256:4a56b55072a3e0629e6421a7f6fdd4eecc0eba4e9cedaaf2e7578ac62c336680"},
    {file = "psycopg_binary-3.2.4-cp38-cp38-musllinux_1_2_i686.whl", hash = "sha256:d993ecfa7f2ac30108d57e7418732d70aa399ccb4a8ca1cf415638679fb32e8b"},
    {file = "psycopg_binary-3.2.4-cp38-cp38-musllinux_1_2_ppc64le.whl", hash = "sha256:a5b68ba52bdf3ed86a8a1f1ac809ecd775ffd7bb611438d3ab9e1ee572742f95"},
    {file = "psycopg_binary-3.2.4-cp38-cp38-musllinux_1_2_x86_64.whl", hash = "sha256:90423ff7a0c1f4001b8d54e6c7866f5bbb778f3f4272a70a7926878fe7d8763c"},
    {file = "psycopg_binary-3.2.4-cp38-cp38-win_amd64.whl", hash = "sha256:5a462bdd427330418fa2a011b6494103edd94cacd4f5b00e598bcbd1c8d20fb9"},
    {file = "psycopg_binary-3.2.4-cp39-cp39-macosx_10_9_x86_64.whl", hash = "sha256:2ddec5deed4c93a1bd73f210bed6dadbabc470ac1f9ebf55fa260e48396fd61f"},
    {file = "psycopg_binary-3.2.4-cp39-cp39-macosx_11_0_arm64.whl", hash = "sha256:8bd54787d894261ff48d5c4b7f23e281c05c9a5ac67355eff7d29cfbcde640cd"},
    {file = "psycopg_binary-3.2.4-cp39-cp39-manylinux_2_17_aarch64.manylinux2014_aarch64.whl", hash = "sha256:b1ae8cf8694d01788be5f418f6cada813e2b86cef67efba9c60cb9371cee9eb9"},
    {file = "psycopg_binary-3.2.4-cp39-cp39-manylinux_2_17_i686.manylinux2014_i686.whl", hash = "sha256:0958dd3bfffbdef86594a6fa45255d4389ade94d17572bdf5207a900166a3cba"},
    {file = "psycopg_binary-3.2.4-cp39-cp39-manylinux_2_17_ppc64le.manylinux2014_ppc64le.whl", hash = "sha256:6b9558f9d101907e412ea12c355e8989c811d382d893ba6a541c091e6d916164"},
    {file = "psycopg_binary-3.2.4-cp39-cp39-manylinux_2_17_x86_64.manylinux2014_x86_64.whl", hash = "sha256:279faafe9a4cdaeeee7844c19cccb865328bd55a2bf4012fef8d7040223a5245"},
    {file = "psycopg_binary-3.2.4-cp39-cp39-musllinux_1_2_aarch64.whl", hash = "sha256:196d8426a9220d29c118eec6074034648267c176d220cb42c49b3c9c396f0dbc"},
    {file = "psycopg_binary-3.2.4-cp39-cp39-musllinux_1_2_i686.whl", hash = "sha256:166e68b1e42862b18570d636a7b615630552daeab8b129083aa094f848be64b0"},
    {file = "psycopg_binary-3.2.4-cp39-cp39-musllinux_1_2_ppc64le.whl", hash = "sha256:b84c3f51969d33266640c218ad5bb5f8487e6a991db7a95b2c3c46fbda37a77c"},
    {file = "psycopg_binary-3.2.4-cp39-cp39-musllinux_1_2_x86_64.whl", hash = "sha256:501113e4d84887c03f83c7d8886c0744fe088fd6b633b919ebf7af4f0f7186be"},
    {file = "psycopg_binary-3.2.4-cp39-cp39-win_amd64.whl", hash = "sha256:e889fe21c578c6c533c8550e1b3ba5d2cc5d151890458fa5fbfc2ca3b2324cfa"},
]

[[package]]
name = "python-dateutil"
version = "2.9.0.post0"
description = "Extensions to the standard Python datetime module"
optional = false
python-versions = "!=3.0.*,!=3.1.*,!=3.2.*,>=2.7"
groups = ["main"]
files = [
    {file = "python-dateutil-2.9.0.post0.tar.gz", hash = "sha256:37dd54208da7e1cd875388217d5e00ebd4179249f90fb72437e91a35459a0ad3"},
    {file = "python_dateutil-2.9.0.post0-py2.py3-none-any.whl", hash = "sha256:a8b2bc7bffae282281c8140a97d3aa9c14da0b136dfe83f850eea9a5f7470427"},
]

[package.dependencies]
six = ">=1.5"

[[package]]
name = "python-dotenv"
version = "1.0.1"
description = "Read key-value pairs from a .env file and set them as environment variables"
optional = false
python-versions = ">=3.8"
groups = ["main"]
files = [
    {file = "python-dotenv-1.0.1.tar.gz", hash = "sha256:e324ee90a023d808f1959c46bcbc04446a10ced277783dc6ee09987c37ec10ca"},
    {file = "python_dotenv-1.0.1-py3-none-any.whl", hash = "sha256:f7b63ef50f1b690dddf550d03497b66d609393b40b564ed0d674909a68ebf16a"},
]

[package.extras]
cli = ["click (>=5.0)"]

[[package]]
name = "ruff"
version = "0.7.4"
description = "An extremely fast Python linter and code formatter, written in Rust."
optional = false
python-versions = ">=3.7"
groups = ["dev"]
files = [
    {file = "ruff-0.7.4-py3-none-linux_armv6l.whl", hash = "sha256:a4919925e7684a3f18e18243cd6bea7cfb8e968a6eaa8437971f681b7ec51478"},
    {file = "ruff-0.7.4-py3-none-macosx_10_12_x86_64.whl", hash = "sha256:cfb365c135b830778dda8c04fb7d4280ed0b984e1aec27f574445231e20d6c63"},
    {file = "ruff-0.7.4-py3-none-macosx_11_0_arm64.whl", hash = "sha256:63a569b36bc66fbadec5beaa539dd81e0527cb258b94e29e0531ce41bacc1f20"},
    {file = "ruff-0.7.4-py3-none-manylinux_2_17_aarch64.manylinux2014_aarch64.whl", hash = "sha256:0d06218747d361d06fd2fdac734e7fa92df36df93035db3dc2ad7aa9852cb109"},
    {file = "ruff-0.7.4-py3-none-manylinux_2_17_armv7l.manylinux2014_armv7l.whl", hash = "sha256:e0cea28d0944f74ebc33e9f934238f15c758841f9f5edd180b5315c203293452"},
    {file = "ruff-0.7.4-py3-none-manylinux_2_17_i686.manylinux2014_i686.whl", hash = "sha256:80094ecd4793c68b2571b128f91754d60f692d64bc0d7272ec9197fdd09bf9ea"},
    {file = "ruff-0.7.4-py3-none-manylinux_2_17_ppc64.manylinux2014_ppc64.whl", hash = "sha256:997512325c6620d1c4c2b15db49ef59543ef9cd0f4aa8065ec2ae5103cedc7e7"},
    {file = "ruff-0.7.4-py3-none-manylinux_2_17_ppc64le.manylinux2014_ppc64le.whl", hash = "sha256:00b4cf3a6b5fad6d1a66e7574d78956bbd09abfd6c8a997798f01f5da3d46a05"},
    {file = "ruff-0.7.4-py3-none-manylinux_2_17_s390x.manylinux2014_s390x.whl", hash = "sha256:7dbdc7d8274e1422722933d1edddfdc65b4336abf0b16dfcb9dedd6e6a517d06"},
    {file = "ruff-0.7.4-py3-none-manylinux_2_17_x86_64.manylinux2014_x86_64.whl", hash = "sha256:0e92dfb5f00eaedb1501b2f906ccabfd67b2355bdf117fea9719fc99ac2145bc"},
    {file = "ruff-0.7.4-py3-none-musllinux_1_2_aarch64.whl", hash = "sha256:3bd726099f277d735dc38900b6a8d6cf070f80828877941983a57bca1cd92172"},
    {file = "ruff-0.7.4-py3-none-musllinux_1_2_armv7l.whl", hash = "sha256:2e32829c429dd081ee5ba39aef436603e5b22335c3d3fff013cd585806a6486a"},
    {file = "ruff-0.7.4-py3-none-musllinux_1_2_i686.whl", hash = "sha256:662a63b4971807623f6f90c1fb664613f67cc182dc4d991471c23c541fee62dd"},
    {file = "ruff-0.7.4-py3-none-musllinux_1_2_x86_64.whl", hash = "sha256:876f5e09eaae3eb76814c1d3b68879891d6fde4824c015d48e7a7da4cf066a3a"},
    {file = "ruff-0.7.4-py3-none-win32.whl", hash = "sha256:75c53f54904be42dd52a548728a5b572344b50d9b2873d13a3f8c5e3b91f5cac"},
    {file = "ruff-0.7.4-py3-none-win_amd64.whl", hash = "sha256:745775c7b39f914238ed1f1b0bebed0b9155a17cd8bc0b08d3c87e4703b990d6"},
    {file = "ruff-0.7.4-py3-none-win_arm64.whl", hash = "sha256:11bff065102c3ae9d3ea4dc9ecdfe5a5171349cdd0787c1fc64761212fc9cf1f"},
    {file = "ruff-0.7.4.tar.gz", hash = "sha256:cd12e35031f5af6b9b93715d8c4f40360070b2041f81273d0527683d5708fce2"},
]

[[package]]
name = "s3transfer"
version = "0.11.2"
description = "An Amazon S3 Transfer Manager"
optional = false
python-versions = ">=3.8"
groups = ["main"]
files = [
    {file = "s3transfer-0.11.2-py3-none-any.whl", hash = "sha256:be6ecb39fadd986ef1701097771f87e4d2f821f27f6071c872143884d2950fbc"},
    {file = "s3transfer-0.11.2.tar.gz", hash = "sha256:3b39185cb72f5acc77db1a58b6e25b977f28d20496b6e58d6813d75f464d632f"},
]

[package.dependencies]
botocore = ">=1.36.0,<2.0a.0"

[package.extras]
crt = ["botocore[crt] (>=1.36.0,<2.0a.0)"]

[[package]]
name = "six"
version = "1.17.0"
description = "Python 2 and 3 compatibility utilities"
optional = false
python-versions = "!=3.0.*,!=3.1.*,!=3.2.*,>=2.7"
groups = ["main"]
files = [
    {file = "six-1.17.0-py2.py3-none-any.whl", hash = "sha256:4721f391ed90541fddacab5acf947aa0d3dc7d27b2e1e8eda2be8970586c3274"},
    {file = "six-1.17.0.tar.gz", hash = "sha256:ff70335d468e7eb6ec65b95b99d3a2836546063f63acc5171de367e834932a81"},
]

[[package]]
name = "typing-extensions"
version = "4.12.2"
description = "Backported and Experimental Type Hints for Python 3.8+"
optional = false
python-versions = ">=3.8"
groups = ["main", "dev"]
files = [
    {file = "typing_extensions-4.12.2-py3-none-any.whl", hash = "sha256:04e5ca0351e0f3f85c6853954072df659d0d13fac324d0072316b67d7794700d"},
    {file = "typing_extensions-4.12.2.tar.gz", hash = "sha256:1a7ead55c7e559dd4dee8856e3a88b41225abfe1ce8df57b7c13915fe121ffb8"},
]
markers = {main = "python_version < \"3.13\""}

[[package]]
name = "tzdata"
version = "2025.1"
description = "Provider of IANA time zone data"
optional = false
python-versions = ">=2"
groups = ["main"]
markers = "sys_platform == \"win32\""
files = [
    {file = "tzdata-2025.1-py2.py3-none-any.whl", hash = "sha256:7e127113816800496f027041c570f50bcd464a020098a3b6b199517772303639"},
    {file = "tzdata-2025.1.tar.gz", hash = "sha256:24894909e88cdb28bd1636c6887801df64cb485bd593f2fd83ef29075a81d694"},
]

[[package]]
name = "urllib3"
version = "2.3.0"
description = "HTTP library with thread-safe connection pooling, file post, and more."
optional = false
python-versions = ">=3.9"
groups = ["main"]
files = [
    {file = "urllib3-2.3.0-py3-none-any.whl", hash = "sha256:1cee9ad369867bfdbbb48b7dd50374c0967a0bb7710050facf0dd6911440e3df"},
    {file = "urllib3-2.3.0.tar.gz", hash = "sha256:f8c5449b3cf0861679ce7e0503c7b44b5ec981bec0d1d3795a07f1ba96f0204d"},
]

[package.extras]
brotli = ["brotli (>=1.0.9)", "brotlicffi (>=0.8.0)"]
h2 = ["h2 (>=4,<5)"]
socks = ["pysocks (>=1.5.6,!=1.5.7,<2.0)"]
zstd = ["zstandard (>=0.18.0)"]

[metadata]
lock-version = "2.1"
python-versions = "^3.12"
content-hash = "7b6452562763ec8f1bcf43ad6f8cfaae7702c8190d90d8ec142eceb5df7294df"
